
Microsoft Visual Studio Solution File, Format Version 12.00
# Visual Studio 15
VisualStudioVersion = 15.0.28010.2003
MinimumVisualStudioVersion = 10.0.40219.1
Project("{FAE04EC0-301F-11D3-BF4B-00C04F79EFBC}") = "GamemodeLoader", "GamemodeLoader\GamemodeLoader.csproj", "{E681BC8D-B91A-4443-9752-6B536409D0E3}"
EndProject
Project("{FAE04EC0-301F-11D3-BF4B-00C04F79EFBC}") = "ExampleGamemode", "ExampleGamemode\ExampleGamemode.csproj", "{76C283F3-3721-4B30-A733-7B14E929F59F}"
EndProject
Global
	GlobalSection(SolutionConfigurationPlatforms) = preSolution
		Debug|Any CPU = Debug|Any CPU
		Release|Any CPU = Release|Any CPU
	EndGlobalSection
	GlobalSection(ProjectConfigurationPlatforms) = postSolution
		{E681BC8D-B91A-4443-9752-6B536409D0E3}.Debug|Any CPU.ActiveCfg = Debug|Any CPU
		{E681BC8D-B91A-4443-9752-6B536409D0E3}.Debug|Any CPU.Build.0 = Debug|Any CPU
		{E681BC8D-B91A-4443-9752-6B536409D0E3}.Release|Any CPU.ActiveCfg = Release|Any CPU
		{E681BC8D-B91A-4443-9752-6B536409D0E3}.Release|Any CPU.Build.0 = Release|Any CPU
		{76C283F3-3721-4B30-A733-7B14E929F59F}.Debug|Any CPU.ActiveCfg = Debug|Any CPU
		{76C283F3-3721-4B30-A733-7B14E929F59F}.Debug|Any CPU.Build.0 = Debug|Any CPU
		{76C283F3-3721-4B30-A733-7B14E929F59F}.Release|Any CPU.ActiveCfg = Release|Any CPU
		{76C283F3-3721-4B30-A733-7B14E929F59F}.Release|Any CPU.Build.0 = Release|Any CPU
	EndGlobalSection
	GlobalSection(SolutionProperties) = preSolution
		HideSolutionNode = FALSE
	EndGlobalSection
	GlobalSection(ExtensibilityGlobals) = postSolution
		SolutionGuid = {33ADCA1D-3DEE-4D67-8A64-90972923F431}
	EndGlobalSection
EndGlobal
